
Microsoft Visual Studio Solution File, Format Version 12.00
# Visual Studio Version 17
VisualStudioVersion = 17.11.35222.181
MinimumVisualStudioVersion = 10.0.40219.1
Project("{FAE04EC0-301F-11D3-BF4B-00C04F79EFBC}") = "Szinkron_Api", "Szinkron_Api\Szinkron_Api.csproj", "{AC967B1E-5D01-483D-B16E-20EC84F2CD78}"
EndProject
Global
	GlobalSection(SolutionConfigurationPlatforms) = preSolution
		Debug|Any CPU = Debug|Any CPU
		Release|Any CPU = Release|Any CPU
	EndGlobalSection
	GlobalSection(ProjectConfigurationPlatforms) = postSolution
		{AC967B1E-5D01-483D-B16E-20EC84F2CD78}.Debug|Any CPU.ActiveCfg = Debug|Any CPU
		{AC967B1E-5D01-483D-B16E-20EC84F2CD78}.Debug|Any CPU.Build.0 = Debug|Any CPU
		{AC967B1E-5D01-483D-B16E-20EC84F2CD78}.Release|Any CPU.ActiveCfg = Release|Any CPU
		{AC967B1E-5D01-483D-B16E-20EC84F2CD78}.Release|Any CPU.Build.0 = Release|Any CPU
	EndGlobalSection
	GlobalSection(SolutionProperties) = preSolution
		HideSolutionNode = FALSE
	EndGlobalSection
	GlobalSection(ExtensibilityGlobals) = postSolution
		SolutionGuid = {A5F99A58-495E-42FD-9195-977D105A6896}
	EndGlobalSection
EndGlobal
